
Microsoft Visual Studio Solution File, Format Version 12.00
# Visual Studio Version 16
VisualStudioVersion = 25.0.1705.4
MinimumVisualStudioVersion = 10.0.40219.1
Project("{FAE04EC0-301F-11D3-BF4B-00C04F79EFBC}") = "MagicDestroyersSimpleGame", "MagicDestroyersSimpleGame\MagicDestroyersSimpleGame.csproj", "{2631EF28-05EF-47B4-B43E-D898662AF0DA}"
EndProject
Global
	GlobalSection(SolutionConfigurationPlatforms) = preSolution
		Debug|Any CPU = Debug|Any CPU
		Release|Any CPU = Release|Any CPU
	EndGlobalSection
	GlobalSection(ProjectConfigurationPlatforms) = postSolution
		{2631EF28-05EF-47B4-B43E-D898662AF0DA}.Debug|Any CPU.ActiveCfg = Debug|Any CPU
		{2631EF28-05EF-47B4-B43E-D898662AF0DA}.Debug|Any CPU.Build.0 = Debug|Any CPU
		{2631EF28-05EF-47B4-B43E-D898662AF0DA}.Release|Any CPU.ActiveCfg = Release|Any CPU
		{2631EF28-05EF-47B4-B43E-D898662AF0DA}.Release|Any CPU.Build.0 = Release|Any CPU
	EndGlobalSection
	GlobalSection(SolutionProperties) = preSolution
		HideSolutionNode = FALSE
	EndGlobalSection
	GlobalSection(ExtensibilityGlobals) = postSolution
		SolutionGuid = {7C3975C4-60BA-4099-81E6-74D96C838384}
	EndGlobalSection
EndGlobal
